<?xml version="1.0" encoding="utf-8"?>
<Project ToolsVersion="4.0" xmlns="http://schemas.microsoft.com/developer/msbuild/2003">
  <ItemGroup>
    <Filter Include="소스 파일">
      <UniqueIdentifier>{4FC737F1-C7A5-4376-A066-2A32D752A2FF}</UniqueIdentifier>
      <Extensions>cpp;c;cc;cxx;c++;cppm;ixx;def;odl;idl;hpj;bat;asm;asmx</Extensions>
    </Filter>
    <Filter Include="헤더 파일">
      <UniqueIdentifier>{93995380-89BD-4b04-88EB-625FBE52EBFB}</UniqueIdentifier>
      <Extensions>h;hh;hpp;hxx;h++;hm;inl;inc;ipp;xsd</Extensions>
    </Filter>
    <Filter Include="리소스 파일">
      <UniqueIdentifier>{67DA6AB6-F800-4c08-8B7A-83BB121AAD01}</UniqueIdentifier>
      <Extensions>rc;ico;cur;bmp;dlg;rc2;rct;bin;rgs;gif;jpg;jpeg;jpe;resx;tiff;tif;png;wav;mfcribbon-ms</Extensions>
    </Filter>
    <Filter Include="Application">
      <UniqueIdentifier>{3afe2a4a-aed7-48d6-a307-61d38377abd1}</UniqueIdentifier>
    </Filter>
    <Filter Include="Graphics">
      <UniqueIdentifier>{e085614f-bc8d-4172-bcd0-e0bc72a65d43}</UniqueIdentifier>
    </Filter>
    <Filter Include="shader">
      <UniqueIdentifier>{ce81fb46-594d-408b-b7fb-ff23c501159d}</UniqueIdentifier>
    </Filter>
    <Filter Include="library">
      <UniqueIdentifier>{dbeedee5-cff8-4ae8-9e81-bb3f670877ee}</UniqueIdentifier>
    </Filter>
    <Filter Include="library\Math">
      <UniqueIdentifier>{ca47c3f3-3a91-4810-a565-8199a72cd197}</UniqueIdentifier>
    </Filter>
    <Filter Include="Scop">
      <UniqueIdentifier>{c682eee7-c092-4af4-965d-e350ff52024e}</UniqueIdentifier>
    </Filter>
    <Filter Include="Main">
      <UniqueIdentifier>{ea57ea32-b98d-4f39-874c-027e551fc4b5}</UniqueIdentifier>
    </Filter>
  </ItemGroup>
  <ItemGroup>
    <ClCompile Include="GlfwWindow.cpp">
      <Filter>Application</Filter>
    </ClCompile>
    <ClCompile Include="VulkanDebug.cpp">
      <Filter>소스 파일</Filter>
    </ClCompile>
    <ClCompile Include="VulkanDevice.cpp">
      <Filter>소스 파일</Filter>
    </ClCompile>
    <ClCompile Include="VulkanInstance.cpp">
      <Filter>소스 파일</Filter>
    </ClCompile>
    <ClCompile Include="VulkanPhysicalDevice.cpp">
      <Filter>소스 파일</Filter>
    </ClCompile>
    <ClCompile Include="VulkanRenderer.cpp">
      <Filter>소스 파일</Filter>
    </ClCompile>
    <ClCompile Include="VulkanTools.cpp">
      <Filter>소스 파일</Filter>
    </ClCompile>
    <ClCompile Include="VulkanQueue.cpp">
      <Filter>소스 파일</Filter>
    </ClCompile>
    <ClCompile Include="VulkanSwapChain.cpp">
      <Filter>소스 파일</Filter>
    </ClCompile>
    <ClCompile Include="VulkanPipeline.cpp">
      <Filter>소스 파일</Filter>
    </ClCompile>
    <ClCompile Include="VulkanPipelineState.cpp">
      <Filter>소스 파일</Filter>
    </ClCompile>
    <ClCompile Include="BasicPSO.cpp">
      <Filter>Graphics</Filter>
    </ClCompile>
    <ClCompile Include="VulkanUtils.cpp">
      <Filter>소스 파일</Filter>
    </ClCompile>
    <ClCompile Include="VulkanCommandBuffer.cpp">
      <Filter>소스 파일</Filter>
    </ClCompile>
    <ClCompile Include="VulkanModel.cpp">
      <Filter>소스 파일</Filter>
    </ClCompile>
    <ClCompile Include="VulkanBuffer.cpp">
      <Filter>소스 파일</Filter>
    </ClCompile>
    <ClCompile Include="VulkanTexture.cpp">
      <Filter>소스 파일</Filter>
    </ClCompile>
    <ClCompile Include="BmpLoader.cpp">
      <Filter>library</Filter>
    </ClCompile>
    <ClCompile Include="Vector.cpp">
      <Filter>library\Math</Filter>
    </ClCompile>
    <ClCompile Include="Matrix.cpp">
      <Filter>library\Math</Filter>
    </ClCompile>
    <ClCompile Include="Camera.cpp">
      <Filter>소스 파일</Filter>
    </ClCompile>
    <ClCompile Include="Scop.cpp">
      <Filter>Scop</Filter>
    </ClCompile>
    <ClCompile Include="math.cpp">
      <Filter>library\Math</Filter>
    </ClCompile>
    <ClCompile Include="main.cpp">
      <Filter>Main</Filter>
    </ClCompile>
    <ClCompile Include="ScopObject.cpp">
      <Filter>Scop</Filter>
    </ClCompile>
    <ClCompile Include="KeyboardMovementController.cpp">
      <Filter>소스 파일</Filter>
    </ClCompile>
    <ClCompile Include="ObjMeshLoader.cpp">
      <Filter>library</Filter>
    </ClCompile>
  </ItemGroup>
  <ItemGroup>
    <ClInclude Include="GlfwWindow.h">
      <Filter>Application</Filter>
    </ClInclude>
    <ClInclude Include="VulkanDebug.h">
      <Filter>헤더 파일</Filter>
    </ClInclude>
    <ClInclude Include="VulkanDevice.h">
      <Filter>헤더 파일</Filter>
    </ClInclude>
    <ClInclude Include="VulkanInitializers.h">
      <Filter>헤더 파일</Filter>
    </ClInclude>
    <ClInclude Include="VulkanInstance.h">
      <Filter>헤더 파일</Filter>
    </ClInclude>
    <ClInclude Include="VulkanPhysicalDevice.h">
      <Filter>헤더 파일</Filter>
    </ClInclude>
    <ClInclude Include="VulkanRenderer.h">
      <Filter>헤더 파일</Filter>
    </ClInclude>
    <ClInclude Include="VulkanTools.h">
      <Filter>헤더 파일</Filter>
    </ClInclude>
    <ClInclude Include="helpers.h">
      <Filter>헤더 파일</Filter>
    </ClInclude>
    <ClInclude Include="VulkanQueue.h">
      <Filter>헤더 파일</Filter>
    </ClInclude>
    <ClInclude Include="VulkanSwapChain.h">
      <Filter>헤더 파일</Filter>
    </ClInclude>
    <ClInclude Include="VulkanPipeline.h">
      <Filter>헤더 파일</Filter>
    </ClInclude>
    <ClInclude Include="VulkanPipelineState.h">
      <Filter>헤더 파일</Filter>
    </ClInclude>
    <ClInclude Include="BasicPSO.h">
      <Filter>Graphics</Filter>
    </ClInclude>
    <ClInclude Include="VulkanUtils.h">
      <Filter>헤더 파일</Filter>
    </ClInclude>
    <ClInclude Include="VulkanCommandBuffer.h">
      <Filter>헤더 파일</Filter>
    </ClInclude>
    <ClInclude Include="VulkanModel.h">
      <Filter>헤더 파일</Filter>
    </ClInclude>
    <ClInclude Include="VulkanBuffer.h">
      <Filter>헤더 파일</Filter>
    </ClInclude>
    <ClInclude Include="VulkanTexture.h">
      <Filter>헤더 파일</Filter>
    </ClInclude>
    <ClInclude Include="BmpLoader.h">
      <Filter>library</Filter>
    </ClInclude>
    <ClInclude Include="Vector.h">
      <Filter>library\Math</Filter>
    </ClInclude>
    <ClInclude Include="Matrix.h">
      <Filter>library\Math</Filter>
    </ClInclude>
    <ClInclude Include="Camera.h">
      <Filter>헤더 파일</Filter>
    </ClInclude>
    <ClInclude Include="math.h">
      <Filter>library\Math</Filter>
    </ClInclude>
    <ClInclude Include="Scop.h">
      <Filter>Scop</Filter>
    </ClInclude>
    <ClInclude Include="ScopObject.h">
      <Filter>Scop</Filter>
    </ClInclude>
    <ClInclude Include="KeyboardMovementController.h">
      <Filter>헤더 파일</Filter>
    </ClInclude>
    <ClInclude Include="ObjMeshLoader.h">
      <Filter>library</Filter>
    </ClInclude>
  </ItemGroup>
  <ItemGroup>
    <ClCompile Include="main.cpp">
      <Filter>소스 파일</Filter>
    </ClCompile>
  </ItemGroup>
  <ItemGroup>
    <None Include="shaders\shader.frag">
      <Filter>shader</Filter>
    </None>
    <None Include="shaders\shader.vert">
      <Filter>shader</Filter>
    </None>
  </ItemGroup>
</Project>